<?xml version="1.0" encoding="utf-8"?>
<Project ToolsVersion="4.0" xmlns="http://schemas.microsoft.com/developer/msbuild/2003">
  <ItemGroup>
    <Filter Include="Source Files">
      <UniqueIdentifier>{4FC737F1-C7A5-4376-A066-2A32D752A2FF}</UniqueIdentifier>
      <Extensions>cpp;c;cc;cxx;c++;cppm;ixx;def;odl;idl;hpj;bat;asm;asmx</Extensions>
    </Filter>
    <Filter Include="Header Files">
      <UniqueIdentifier>{93995380-89BD-4b04-88EB-625FBE52EBFB}</UniqueIdentifier>
      <Extensions>h;hh;hpp;hxx;h++;hm;inl;inc;ipp;xsd</Extensions>
    </Filter>
    <Filter Include="Resource Files">
      <UniqueIdentifier>{67DA6AB6-F800-4c08-8B7A-83BB121AAD01}</UniqueIdentifier>
      <Extensions>rc;ico;cur;bmp;dlg;rc2;rct;bin;rgs;gif;jpg;jpeg;jpe;resx;tiff;tif;png;wav;mfcribbon-ms</Extensions>
    </Filter>
  </ItemGroup>
  <ItemGroup>
    <ClCompile Include="main.cpp">
      <Filter>Source Files</Filter>
    </ClCompile>
    <ClCompile Include="gui\gui.cpp">
      <Filter>Source Files</Filter>
    </ClCompile>
    <ClCompile Include="gui\imgui_impl_vk2d.cpp">
      <Filter>Source Files</Filter>
    </ClCompile>
    <ClCompile Include="main_window.cpp">
      <Filter>Source Files</Filter>
    </ClCompile>
    <ClCompile Include="platform\platform_windows_impl.cpp">
      <Filter>Source Files</Filter>
    </ClCompile>
    <ClCompile Include="gui\imgui_custom.cpp">
      <Filter>Source Files</Filter>
    </ClCompile>
    <ClCompile Include="window\window_sheet.cpp">
      <Filter>Source Files</Filter>
    </ClCompile>
    <ClCompile Include="side_menus.cpp">
      <Filter>Source Files</Filter>
    </ClCompile>
    <ClCompile Include="gui\docking_window.cpp">
      <Filter>Source Files</Filter>
    </ClCompile>
    <ClCompile Include="circuit_element.cpp">
      <Filter>Source Files</Filter>
    </ClCompile>
    <ClCompile Include="circuit_element_loader.cpp">
      <Filter>Source Files</Filter>
    </ClCompile>
    <ClCompile Include="window\window_library.cpp">
      <Filter>Source Files</Filter>
    </ClCompile>
    <ClCompile Include="schematic_sheet.cpp">
      <Filter>Source Files</Filter>
    </ClCompile>
    <ClCompile Include="command.cpp">
      <Filter>Source Files</Filter>
    </ClCompile>
    <ClCompile Include="window\window_history.cpp">
      <Filter>Source Files</Filter>
    </ClCompile>
    <ClCompile Include="window\window_explorer.cpp">
      <Filter>Source Files</Filter>
    </ClCompile>
    <ClCompile Include="gui\custom_titlebar.cpp">
      <Filter>Source Files</Filter>
    </ClCompile>
    <ClCompile Include="gui\dialog.cpp">
      <Filter>Source Files</Filter>
    </ClCompile>
    <ClCompile Include="gui\resizing_loop.cpp">
      <Filter>Source Files</Filter>
    </ClCompile>
    <ClCompile Include="dialogs.cpp">
      <Filter>Source Files</Filter>
    </ClCompile>
    <ClCompile Include="platform\system_dialog.cpp">
      <Filter>Source Files</Filter>
    </ClCompile>
  </ItemGroup>
  <ItemGroup>
    <ClInclude Include="gui\imgui_impl_vk2d.h">
      <Filter>Header Files</Filter>
    </ClInclude>
    <ClInclude Include="vector_type.h">
      <Filter>Header Files</Filter>
    </ClInclude>
    <ClInclude Include="main_window.h">
      <Filter>Header Files</Filter>
    </ClInclude>
    <ClInclude Include="platform\platform_impl.h">
      <Filter>Header Files</Filter>
    </ClInclude>
    <ClInclude Include="icons.h">
      <Filter>Header Files</Filter>
    </ClInclude>
    <ClInclude Include="gui\imgui_custom.h">
      <Filter>Header Files</Filter>
    </ClInclude>
    <ClInclude Include="window\window_sheet.h">
      <Filter>Header Files</Filter>
    </ClInclude>
    <ClInclude Include="utils\stack_proxy.hpp">
      <Filter>Header Files</Filter>
    </ClInclude>
    <ClInclude Include="side_menus.h">
      <Filter>Header Files</Filter>
    </ClInclude>
    <ClInclude Include="gui\docking_window.h">
      <Filter>Header Files</Filter>
    </ClInclude>
    <ClInclude Include="aabb.hpp">
      <Filter>Header Files</Filter>
    </ClInclude>
    <ClInclude Include="bvh.hpp">
      <Filter>Header Files</Filter>
    </ClInclude>
    <ClInclude Include="direction.h">
      <Filter>Header Files</Filter>
    </ClInclude>
    <ClInclude Include="circuit_element.h">
      <Filter>Header Files</Filter>
    </ClInclude>
    <ClInclude Include="circuit_element_loader.h">
      <Filter>Header Files</Filter>
    </ClInclude>
    <ClInclude Include="base64.h">
      <Filter>Header Files</Filter>
    </ClInclude>
    <ClInclude Include="window\window_library.h">
      <Filter>Header Files</Filter>
    </ClInclude>
    <ClInclude Include="schematic_sheet.h">
      <Filter>Header Files</Filter>
    </ClInclude>
    <ClInclude Include="command.h">
      <Filter>Header Files</Filter>
    </ClInclude>
    <ClInclude Include="sdf.h">
      <Filter>Header Files</Filter>
    </ClInclude>
    <ClInclude Include="side_menu.h">
      <Filter>Header Files</Filter>
    </ClInclude>
    <ClInclude Include="math_utils.h">
      <Filter>Header Files</Filter>
    </ClInclude>
    <ClInclude Include="window\window_history.h">
      <Filter>Header Files</Filter>
    </ClInclude>
    <ClInclude Include="serialize.h">
      <Filter>Header Files</Filter>
    </ClInclude>
    <ClInclude Include="window\window_explorer.h">
      <Filter>Source Files</Filter>
    </ClInclude>
    <ClInclude Include="micro_logic_config.h">
      <Filter>Header Files</Filter>
    </ClInclude>
    <ClInclude Include="gui\custom_titlebar.h">
      <Filter>Header Files</Filter>
    </ClInclude>
    <ClInclude Include="gui\dialog.h">
      <Filter>Header Files</Filter>
    </ClInclude>
    <ClInclude Include="util\stopwatch.h">
      <Filter>Header Files</Filter>
    </ClInclude>
    <ClInclude Include="gui\resizing_loop.h">
      <Filter>Header Files</Filter>
    </ClInclude>
    <ClInclude Include="dialogs.h">
      <Filter>Header Files</Filter>
    </ClInclude>
    <ClInclude Include="util\convert_string.h">
      <Filter>Source Files</Filter>
    </ClInclude>
    <ClInclude Include="platform\system_dialog.h">
      <Filter>Header Files</Filter>
    </ClInclude>
    <ClInclude Include="net.h">
      <Filter>Header Files</Filter>
    </ClInclude>
  </ItemGroup>
  <ItemGroup>
    <Xml Include="resources\elements.xml" />
  </ItemGroup>
  <ItemGroup>
    <Image Include="resources\icons.png">
      <Filter>Resource Files</Filter>
    </Image>
  </ItemGroup>
  <ItemGroup>
    <None Include="imgui.ini" />
  </ItemGroup>
  <ItemGroup>
    <Manifest Include="manifest.xml">
      <Filter>Header Files</Filter>
    </Manifest>
  </ItemGroup>
</Project>