<?xml version="1.0" encoding="utf-8"?>
<Project ToolsVersion="4.0" xmlns="http://schemas.microsoft.com/developer/msbuild/2003">
  <ItemGroup>
    <Filter Include="Source Files">
      <UniqueIdentifier>{4FC737F1-C7A5-4376-A066-2A32D752A2FF}</UniqueIdentifier>
      <Extensions>cpp;c;cc;cxx;c++;cppm;ixx;def;odl;idl;hpj;bat;asm;asmx</Extensions>
    </Filter>
    <Filter Include="Header Files">
      <UniqueIdentifier>{93995380-89BD-4b04-88EB-625FBE52EBFB}</UniqueIdentifier>
      <Extensions>h;hh;hpp;hxx;h++;hm;inl;inc;ipp;xsd</Extensions>
    </Filter>
    <Filter Include="Resource Files">
      <UniqueIdentifier>{67DA6AB6-F800-4c08-8B7A-83BB121AAD01}</UniqueIdentifier>
      <Extensions>rc;ico;cur;bmp;dlg;rc2;rct;bin;rgs;gif;jpg;jpeg;jpe;resx;tiff;tif;png;wav;mfcribbon-ms</Extensions>
    </Filter>
  </ItemGroup>
  <ItemGroup>
    <ClInclude Include="include\vk2d\graphics\vertex.hpp">
      <Filter>Header Files</Filter>
    </ClInclude>
    <ClInclude Include="include\vk2d\vk2d_config.h">
      <Filter>Header Files</Filter>
    </ClInclude>
    <ClInclude Include="include\vk2d\graphics\color.hpp">
      <Filter>Header Files</Filter>
    </ClInclude>
    <ClInclude Include="include\vk2d\vk_instance.h">
      <Filter>Header Files</Filter>
    </ClInclude>
    <ClInclude Include="include\vk2d\graphics\vertex_buffer.h">
      <Filter>Header Files</Filter>
    </ClInclude>
    <ClInclude Include="include\vk2d\graphics\image.h">
      <Filter>Header Files</Filter>
    </ClInclude>
    <ClInclude Include="include\vk2d\graphics\texture.h">
      <Filter>Header Files</Filter>
    </ClInclude>
    <ClInclude Include="include\vk2d\rect.hpp">
      <Filter>Header Files</Filter>
    </ClInclude>
    <ClInclude Include="include\vk2d\graphics\render_target.h">
      <Filter>Header Files</Filter>
    </ClInclude>
    <ClInclude Include="include\vk2d\system\window.h">
      <Filter>Header Files</Filter>
    </ClInclude>
    <ClInclude Include="include\vk2d\system\event.hpp">
      <Filter>Header Files</Filter>
    </ClInclude>
    <ClInclude Include="src\platform\window_impl.h">
      <Filter>Header Files</Filter>
    </ClInclude>
    <ClInclude Include="include\vk2d\system\keyboard.h">
      <Filter>Header Files</Filter>
    </ClInclude>
    <ClInclude Include="include\vk2d\vector_type.h">
      <Filter>Header Files</Filter>
    </ClInclude>
    <ClInclude Include="include\vk2d\system\mouse.h">
      <Filter>Header Files</Filter>
    </ClInclude>
    <ClInclude Include="include\vk2d\graphics\pipeline.h">
      <Filter>Header Files</Filter>
    </ClInclude>
    <ClInclude Include="include\vk2d\transform.hpp">
      <Filter>Header Files</Filter>
    </ClInclude>
    <ClInclude Include="src\shaders\shaders.h">
      <Filter>Header Files</Filter>
    </ClInclude>
    <ClInclude Include="include\vk2d\graphics\drawable.h">
      <Filter>Header Files</Filter>
    </ClInclude>
    <ClInclude Include="include\vk2d\graphics\texture_view.h">
      <Filter>Header Files</Filter>
    </ClInclude>
    <ClInclude Include="include\vk2d\transformable.hpp">
      <Filter>Header Files</Filter>
    </ClInclude>
    <ClInclude Include="include\vk2d\graphics\render_options.h">
      <Filter>Header Files</Filter>
    </ClInclude>
    <ClInclude Include="include\vk2d\graphics\buffer.h">
      <Filter>Header Files</Filter>
    </ClInclude>
    <ClInclude Include="include\vk2d\system\cursor.h">
      <Filter>Header Files</Filter>
    </ClInclude>
    <ClInclude Include="src\platform\windows_cursor_impl.hpp">
      <Filter>Header Files</Filter>
    </ClInclude>
    <ClInclude Include="include\vk2d\system\clipboard.h">
      <Filter>Header Files</Filter>
    </ClInclude>
    <ClInclude Include="include\vk2d\graphics\render_texture.h">
      <Filter>Header Files</Filter>
    </ClInclude>
    <ClInclude Include="include\vk2d\graphics\render_states.h">
      <Filter>Header Files</Filter>
    </ClInclude>
    <ClInclude Include="src\platform\windows_window_impl.h">
      <Filter>Header Files</Filter>
    </ClInclude>
    <ClInclude Include="include\vk2d\system\font.h">
      <Filter>Header Files</Filter>
    </ClInclude>
    <ClInclude Include="include\vk2d\system\glyph.h">
      <Filter>Header Files</Filter>
    </ClInclude>
    <ClInclude Include="include\vk2d\graphics\vertex_builder.h">
      <Filter>Header Files</Filter>
    </ClInclude>
    <ClInclude Include="include\vk2d\graphics\draw_list.h">
      <Filter>Header Files</Filter>
    </ClInclude>
  </ItemGroup>
  <ItemGroup>
    <ClCompile Include="src\vk_instance.cpp">
      <Filter>Source Files</Filter>
    </ClCompile>
    <ClCompile Include="src\window.cpp">
      <Filter>Source Files</Filter>
    </ClCompile>
    <ClCompile Include="src\platform\windows_keyboard_impl.cpp">
      <Filter>Source Files</Filter>
    </ClCompile>
    <ClCompile Include="src\platform\windows_mouse_impl.cpp">
      <Filter>Source Files</Filter>
    </ClCompile>
    <ClCompile Include="src\transform.cpp">
      <Filter>Source Files</Filter>
    </ClCompile>
    <ClCompile Include="src\pipeline.cpp">
      <Filter>Source Files</Filter>
    </ClCompile>
    <ClCompile Include="src\vertex_buffer.cpp">
      <Filter>Source Files</Filter>
    </ClCompile>
    <ClCompile Include="src\texture.cpp">
      <Filter>Source Files</Filter>
    </ClCompile>
    <ClCompile Include="src\image.cpp">
      <Filter>Source Files</Filter>
    </ClCompile>
    <ClCompile Include="src\texture_view.cpp">
      <Filter>Source Files</Filter>
    </ClCompile>
    <ClCompile Include="src\render_states.cpp">
      <Filter>Source Files</Filter>
    </ClCompile>
    <ClCompile Include="src\buffer.cpp">
      <Filter>Source Files</Filter>
    </ClCompile>
    <ClCompile Include="src\cursor.cpp">
      <Filter>Source Files</Filter>
    </ClCompile>
    <ClCompile Include="src\platform\windows_clipboard_impl.cpp">
      <Filter>Source Files</Filter>
    </ClCompile>
    <ClCompile Include="src\render_texture.cpp">
      <Filter>Source Files</Filter>
    </ClCompile>
    <ClCompile Include="src\render_target.cpp">
      <Filter>Source Files</Filter>
    </ClCompile>
    <ClCompile Include="src\font.cpp">
      <Filter>Source Files</Filter>
    </ClCompile>
    <ClCompile Include="src\vertex_builder.cpp">
      <Filter>Source Files</Filter>
    </ClCompile>
    <ClCompile Include="src\draw_list.cpp">
      <Filter>Source Files</Filter>
    </ClCompile>
  </ItemGroup>
  <ItemGroup>
    <None Include="src\shaders\shader0.vert" />
    <None Include="src\shaders\shader0.frag" />
    <None Include="src\shaders\shader1.frag" />
    <None Include="src\shaders\shader1.vert" />
    <None Include="src\shaders\shader2.frag" />
    <None Include="src\shaders\shader2.vert" />
    <None Include="src\shaders\build.bat">
      <Filter>Resource Files</Filter>
    </None>
  </ItemGroup>
  <ItemGroup>
    <Text Include="src\shaders\shader0.vert.txt" />
    <Text Include="src\shaders\shader0.frag.txt" />
    <Text Include="src\shaders\shader1.frag.txt" />
    <Text Include="src\shaders\shader1.vert.txt" />
    <Text Include="src\shaders\shader2.vert.txt" />
    <Text Include="src\shaders\shader2.frag.txt" />
  </ItemGroup>
</Project>